
Microsoft Visual Studio Solution File, Format Version 12.00
# Visual Studio 2012
Project("{FAE04EC0-301F-11D3-BF4B-00C04F79EFBC}") = "AccountingSystemProject", "AccountingSystemProject\AccountingSystemProject.csproj", "{E213B241-C3C1-40CC-90CD-CD59A102D349}"
EndProject
Global
	GlobalSection(SolutionConfigurationPlatforms) = preSolution
		Debug|Any CPU = Debug|Any CPU
		Release|Any CPU = Release|Any CPU
	EndGlobalSection
	GlobalSection(ProjectConfigurationPlatforms) = postSolution
		{E213B241-C3C1-40CC-90CD-CD59A102D349}.Debug|Any CPU.ActiveCfg = Debug|Any CPU
		{E213B241-C3C1-40CC-90CD-CD59A102D349}.Debug|Any CPU.Build.0 = Debug|Any CPU
		{E213B241-C3C1-40CC-90CD-CD59A102D349}.Release|Any CPU.ActiveCfg = Release|Any CPU
		{E213B241-C3C1-40CC-90CD-CD59A102D349}.Release|Any CPU.Build.0 = Release|Any CPU
	EndGlobalSection
EndGlobal
